
Microsoft Visual Studio Solution File, Format Version 12.00
# Visual Studio 14
VisualStudioVersion = 14.0.25420.1
MinimumVisualStudioVersion = 10.0.40219.1
Project("{FAE04EC0-301F-11D3-BF4B-00C04F79EFBC}") = "DietHolderServiceLibrary", "DietHolderServiceLibrary\DietHolderServiceLibrary.csproj", "{0E561A58-A4E7-4E99-A730-98493BB6C7DA}"
EndProject
Project("{FAE04EC0-301F-11D3-BF4B-00C04F79EFBC}") = "DietHolderClient", "DietHolderClient\DietHolderClient.csproj", "{F506B18B-9D58-483C-8D55-D3B2C4F76A9F}"
	ProjectSection(ProjectDependencies) = postProject
		{0E561A58-A4E7-4E99-A730-98493BB6C7DA} = {0E561A58-A4E7-4E99-A730-98493BB6C7DA}
	EndProjectSection
EndProject
Project("{FAE04EC0-301F-11D3-BF4B-00C04F79EFBC}") = "DietHolderAdmin", "DietHolderAdmin\DietHolderAdmin.csproj", "{B78BA4B6-6C2D-4C62-B67F-A4FE166E17B6}"
	ProjectSection(ProjectDependencies) = postProject
		{0E561A58-A4E7-4E99-A730-98493BB6C7DA} = {0E561A58-A4E7-4E99-A730-98493BB6C7DA}
	EndProjectSection
EndProject
Global
	GlobalSection(SolutionConfigurationPlatforms) = preSolution
		Debug|Any CPU = Debug|Any CPU
		Release|Any CPU = Release|Any CPU
	EndGlobalSection
	GlobalSection(ProjectConfigurationPlatforms) = postSolution
		{0E561A58-A4E7-4E99-A730-98493BB6C7DA}.Debug|Any CPU.ActiveCfg = Debug|Any CPU
		{0E561A58-A4E7-4E99-A730-98493BB6C7DA}.Debug|Any CPU.Build.0 = Debug|Any CPU
		{0E561A58-A4E7-4E99-A730-98493BB6C7DA}.Release|Any CPU.ActiveCfg = Release|Any CPU
		{0E561A58-A4E7-4E99-A730-98493BB6C7DA}.Release|Any CPU.Build.0 = Release|Any CPU
		{F506B18B-9D58-483C-8D55-D3B2C4F76A9F}.Debug|Any CPU.ActiveCfg = Debug|Any CPU
		{F506B18B-9D58-483C-8D55-D3B2C4F76A9F}.Debug|Any CPU.Build.0 = Debug|Any CPU
		{F506B18B-9D58-483C-8D55-D3B2C4F76A9F}.Release|Any CPU.ActiveCfg = Release|Any CPU
		{F506B18B-9D58-483C-8D55-D3B2C4F76A9F}.Release|Any CPU.Build.0 = Release|Any CPU
		{B78BA4B6-6C2D-4C62-B67F-A4FE166E17B6}.Debug|Any CPU.ActiveCfg = Debug|Any CPU
		{B78BA4B6-6C2D-4C62-B67F-A4FE166E17B6}.Debug|Any CPU.Build.0 = Debug|Any CPU
		{B78BA4B6-6C2D-4C62-B67F-A4FE166E17B6}.Release|Any CPU.ActiveCfg = Release|Any CPU
		{B78BA4B6-6C2D-4C62-B67F-A4FE166E17B6}.Release|Any CPU.Build.0 = Release|Any CPU
	EndGlobalSection
	GlobalSection(SolutionProperties) = preSolution
		HideSolutionNode = FALSE
	EndGlobalSection
EndGlobal
